# THIS IS AN AUTOGENERATED FILE. DO NOT EDIT THIS FILE DIRECTLY.
# yarn lockfile v1


async-limiter@~1.0.0:
  version "1.0.0"
  resolved "https://registry.yarnpkg.com/async-limiter/-/async-limiter-1.0.0.tgz#78faed8c3d074ab81f22b4e985d79e8738f720f8"
  integrity sha512-jp/uFnooOiO+L211eZOoSyzpOITMXx1rBITauYykG3BRYPu8h0UcxsPNB04RR5vo4Tyz3+ay17tR6JVf9qzYWg==

isomorphic-ws@^4.0.1:
  version "4.0.1"
  resolved "https://registry.yarnpkg.com/isomorphic-ws/-/isomorphic-ws-4.0.1.tgz#55fd4cd6c5e6491e76dc125938dd863f5cd4f2dc"
  integrity sha512-BhBvN2MBpWTaSHdWRb/bwdZJ1WaehQ2L1KngkCkfLUGF0mAWAT1sQUQacEmQ0jXkFw/czDXPNQSL5u2/Krsz1w==

lodash@^4.17.11:
  version "4.17.11"
  resolved "https://registry.yarnpkg.com/lodash/-/lodash-4.17.11.tgz#b39ea6229ef607ecd89e2c8df12536891cac9b8d"
  integrity sha512-cQKh8igo5QUhZ7lg38DYWAxMvjSAKG0A8wGSVimP07SIUEK2UO+arSRKbRZWtelMtN5V0Hkwh5ryOto/SshYIg==

promise-stuff@^0.3.6:
  version "0.3.6"
  resolved "https://registry.yarnpkg.com/promise-stuff/-/promise-stuff-0.3.6.tgz#7e3dbde6d271185574b67b1207adde385dd5a708"
  integrity sha512-S0sCJGceHwWZPx6ZRGntWE6EB3IsUk7k5jPzFncJLmvSvDgVbA8YoR+VAQv7QrczfMY/+xgnQ/ox3Do7fqufmw==

string-template@^1.0.0:
  version "1.0.0"
  resolved "https://registry.yarnpkg.com/string-template/-/string-template-1.0.0.tgz#9e9f2233dc00f218718ec379a28a5673ecca8b96"
  integrity sha1-np8iM9wA8hhxjsN5oopWc+zKi5Y=

wampus@^0.2.10:
  version "0.2.10"
  resolved "https://registry.yarnpkg.com/wampus/-/wampus-0.2.10.tgz#d75bef68d79ac9a121d9476668ffef46d646c310"
  integrity sha512-1PMuIgzLTIrZVZFjnvDxBTgPXSNHZwFaYD7CTIsUUk1QQv8qnaEh2ShmsNLHr4V0LGolRTd2mK6xgyQY3jI+nw==
  dependencies:
    isomorphic-ws "^4.0.1"
    lodash "^4.17.11"
    promise-stuff "^0.3.6"
    string-template "^1.0.0"
    ws "^5.2.1"

ws@^5.2.1:
  version "5.2.2"
  resolved "https://registry.yarnpkg.com/ws/-/ws-5.2.2.tgz#dffef14866b8e8dc9133582514d1befaf96e980f"
  integrity sha512-jaHFD6PFv6UgoIVda6qZllptQsMlDEJkTQcybzzXDYM1XO9Y8em691FGMPmM46WGyLU4z9KMgQN+qrux/nhlHA==
  dependencies:
    async-limiter "~1.0.0"
